
Microsoft Visual Studio Solution File, Format Version 12.00
# Visual Studio Version 16
VisualStudioVersion = 16.0.31911.196
MinimumVisualStudioVersion = 10.0.40219.1
Project("{FAE04EC0-301F-11D3-BF4B-00C04F79EFBC}") = "Tır.Proje", "Tır.Proje\Tır.Proje.csproj", "{21514FCA-047A-4FAE-BE1E-3CCFBD3A1291}"
EndProject
Global
	GlobalSection(SolutionConfigurationPlatforms) = preSolution
		Debug|Any CPU = Debug|Any CPU
		Release|Any CPU = Release|Any CPU
	EndGlobalSection
	GlobalSection(ProjectConfigurationPlatforms) = postSolution
		{21514FCA-047A-4FAE-BE1E-3CCFBD3A1291}.Debug|Any CPU.ActiveCfg = Debug|Any CPU
		{21514FCA-047A-4FAE-BE1E-3CCFBD3A1291}.Debug|Any CPU.Build.0 = Debug|Any CPU
		{21514FCA-047A-4FAE-BE1E-3CCFBD3A1291}.Release|Any CPU.ActiveCfg = Release|Any CPU
		{21514FCA-047A-4FAE-BE1E-3CCFBD3A1291}.Release|Any CPU.Build.0 = Release|Any CPU
	EndGlobalSection
	GlobalSection(SolutionProperties) = preSolution
		HideSolutionNode = FALSE
	EndGlobalSection
	GlobalSection(ExtensibilityGlobals) = postSolution
		SolutionGuid = {5C3A42EC-FBE3-4353-97F6-68D36ECC4CB5}
	EndGlobalSection
EndGlobal
